
Microsoft Visual Studio Solution File, Format Version 12.00
# Visual Studio 15
VisualStudioVersion = 15.0.26730.12
MinimumVisualStudioVersion = 10.0.40219.1
Project("{FAE04EC0-301F-11D3-BF4B-00C04F79EFBC}") = "XamarinAndroidButton", "XamarinAndroidButton\XamarinAndroidButton.csproj", "{47937E02-B537-48E4-A9D0-5BEB126FFCA4}"
EndProject
Global
	GlobalSection(SolutionConfigurationPlatforms) = preSolution
		Debug|Any CPU = Debug|Any CPU
		Release|Any CPU = Release|Any CPU
	EndGlobalSection
	GlobalSection(ProjectConfigurationPlatforms) = postSolution
		{47937E02-B537-48E4-A9D0-5BEB126FFCA4}.Debug|Any CPU.ActiveCfg = Debug|Any CPU
		{47937E02-B537-48E4-A9D0-5BEB126FFCA4}.Debug|Any CPU.Build.0 = Debug|Any CPU
		{47937E02-B537-48E4-A9D0-5BEB126FFCA4}.Debug|Any CPU.Deploy.0 = Debug|Any CPU
		{47937E02-B537-48E4-A9D0-5BEB126FFCA4}.Release|Any CPU.ActiveCfg = Release|Any CPU
		{47937E02-B537-48E4-A9D0-5BEB126FFCA4}.Release|Any CPU.Build.0 = Release|Any CPU
		{47937E02-B537-48E4-A9D0-5BEB126FFCA4}.Release|Any CPU.Deploy.0 = Release|Any CPU
	EndGlobalSection
	GlobalSection(SolutionProperties) = preSolution
		HideSolutionNode = FALSE
	EndGlobalSection
	GlobalSection(ExtensibilityGlobals) = postSolution
		SolutionGuid = {FB0936DF-9388-4F8B-84BA-3983FEA7F4EF}
	EndGlobalSection
EndGlobal
